
Microsoft Visual Studio Solution File, Format Version 12.00
# Visual Studio Version 17
VisualStudioVersion = 17.3.32929.385
MinimumVisualStudioVersion = 10.0.40219.1
Project("{9A19103F-16F7-4668-BE54-9A1E7A4F7556}") = "02. RESTAssessment", "RESTAssessment\02. RESTAssessment.csproj", "{0BCD7C88-5DAB-4B31-A7BD-AE8519E08EF6}"
EndProject
Project("{9A19103F-16F7-4668-BE54-9A1E7A4F7556}") = "01. RESTAssessmentTestProject", "RESTAssessmentTestProject\01. RESTAssessmentTestProject.csproj", "{D2C76E83-1D0D-4A3A-BCBA-0FDE269F136A}"
EndProject
Global
	GlobalSection(SolutionConfigurationPlatforms) = preSolution
		Debug|Any CPU = Debug|Any CPU
		Release|Any CPU = Release|Any CPU
	EndGlobalSection
	GlobalSection(ProjectConfigurationPlatforms) = postSolution
		{0BCD7C88-5DAB-4B31-A7BD-AE8519E08EF6}.Debug|Any CPU.ActiveCfg = Debug|Any CPU
		{0BCD7C88-5DAB-4B31-A7BD-AE8519E08EF6}.Debug|Any CPU.Build.0 = Debug|Any CPU
		{0BCD7C88-5DAB-4B31-A7BD-AE8519E08EF6}.Release|Any CPU.ActiveCfg = Release|Any CPU
		{0BCD7C88-5DAB-4B31-A7BD-AE8519E08EF6}.Release|Any CPU.Build.0 = Release|Any CPU
		{D2C76E83-1D0D-4A3A-BCBA-0FDE269F136A}.Debug|Any CPU.ActiveCfg = Debug|Any CPU
		{D2C76E83-1D0D-4A3A-BCBA-0FDE269F136A}.Debug|Any CPU.Build.0 = Debug|Any CPU
		{D2C76E83-1D0D-4A3A-BCBA-0FDE269F136A}.Release|Any CPU.ActiveCfg = Release|Any CPU
		{D2C76E83-1D0D-4A3A-BCBA-0FDE269F136A}.Release|Any CPU.Build.0 = Release|Any CPU
	EndGlobalSection
	GlobalSection(SolutionProperties) = preSolution
		HideSolutionNode = FALSE
	EndGlobalSection
	GlobalSection(ExtensibilityGlobals) = postSolution
		SolutionGuid = {8F2B512C-9C6E-49C2-8D67-EBDA393F884E}
	EndGlobalSection
EndGlobal
